// !$*UTF8*$!
{
	archiveVersion = 1;
	classes = {
	};
	objectVersion = 50;
	objects = {

/* Begin PBXBuildFile section */
		50DBC2E424A4F57E002F66B8 /* AppDelegate.swift in Sources */ = {isa = PBXBuildFile; fileRef = 50DBC2E324A4F57E002F66B8 /* AppDelegate.swift */; };
		50DBC2E624A4F57E002F66B8 /* SceneDelegate.swift in Sources */ = {isa = PBXBuildFile; fileRef = 50DBC2E524A4F57E002F66B8 /* SceneDelegate.swift */; };
		50DBC2EB24A4F57E002F66B8 /* Main.storyboard in Resources */ = {isa = PBXBuildFile; fileRef = 50DBC2E924A4F57E002F66B8 /* Main.storyboard */; };
		50DBC2ED24A4F581002F66B8 /* Assets.xcassets in Resources */ = {isa = PBXBuildFile; fileRef = 50DBC2EC24A4F581002F66B8 /* Assets.xcassets */; };
		50DBC2F024A4F581002F66B8 /* LaunchScreen.storyboard in Resources */ = {isa = PBXBuildFile; fileRef = 50DBC2EE24A4F581002F66B8 /* LaunchScreen.storyboard */; };
		50DBC2F824A4F62C002F66B8 /* FeedListViewController.swift in Sources */ = {isa = PBXBuildFile; fileRef = 50DBC2F724A4F62C002F66B8 /* FeedListViewController.swift */; };
		50DBC2FA24A4F683002F66B8 /* WebViewController.swift in Sources */ = {isa = PBXBuildFile; fileRef = 50DBC2F924A4F683002F66B8 /* WebViewController.swift */; };
		50DBC2FC24A4F6B9002F66B8 /* XmlParserManager.swift in Sources */ = {isa = PBXBuildFile; fileRef = 50DBC2FB24A4F6B9002F66B8 /* XmlParserManager.swift */; };
/* End PBXBuildFile section */

/* Begin PBXFileReference section */
		50DBC2E024A4F57E002F66B8 /* rss.app */ = {isa = PBXFileReference; explicitFileType = wrapper.application; includeInIndex = 0; path = rss.app; sourceTree = BUILT_PRODUCTS_DIR; };
		50DBC2E324A4F57E002F66B8 /* AppDelegate.swift */ = {isa = PBXFileReference; lastKnownFileType = sourcecode.swift; path = AppDelegate.swift; sourceTree = "<group>"; };
		50DBC2E524A4F57E002F66B8 /* SceneDelegate.swift */ = {isa = PBXFileReference; lastKnownFileType = sourcecode.swift; path = SceneDelegate.swift; sourceTree = "<group>"; };
		50DBC2EA24A4F57E002F66B8 /* Base */ = {isa = PBXFileReference; lastKnownFileType = file.storyboard; name = Base; path = Base.lproj/Main.storyboard; sourceTree = "<group>"; };
		50DBC2EC24A4F581002F66B8 /* Assets.xcassets */ = {isa = PBXFileReference; lastKnownFileType = folder.assetcatalog; path = Assets.xcassets; sourceTree = "<group>"; };
		50DBC2EF24A4F581002F66B8 /* Base */ = {isa = PBXFileReference; lastKnownFileType = file.storyboard; name = Base; path = Base.lproj/LaunchScreen.storyboard; sourceTree = "<group>"; };
		50DBC2F124A4F581002F66B8 /* Info.plist */ = {isa = PBXFileReference; lastKnownFileType = text.plist.xml; path = Info.plist; sourceTree = "<group>"; };
		50DBC2F724A4F62C002F66B8 /* FeedListViewController.swift */ = {isa = PBXFileReference; lastKnownFileType = sourcecode.swift; path = FeedListViewController.swift; sourceTree = "<group>"; };
		50DBC2F924A4F683002F66B8 /* WebViewController.swift */ = {isa = PBXFileReference; lastKnownFileType = sourcecode.swift; path = WebViewController.swift; sourceTree = "<group>"; };
		50DBC2FB24A4F6B9002F66B8 /* XmlParserManager.swift */ = {isa = PBXFileReference; lastKnownFileType = sourcecode.swift; path = XmlParserManager.swift; sourceTree = "<group>"; };
/* End PBXFileReference section */

/* Begin PBXFrameworksBuildPhase section */
		50DBC2DD24A4F57E002F66B8 /* Frameworks */ = {
			isa = PBXFrameworksBuildPhase;
			buildActionMask = 2147483647;
			files = (
			);
			runOnlyForDeploymentPostprocessing = 0;
		};
/* End PBXFrameworksBuildPhase section */

/* Begin PBXGroup section */
		50DBC2D724A4F57E002F66B8 = {
			isa = PBXGroup;
			children = (
				50DBC2E224A4F57E002F66B8 /* rss */,
				50DBC2E124A4F57E002F66B8 /* Products */,
			);
			sourceTree = "<group>";
		};
		50DBC2E124A4F57E002F66B8 /* Products */ = {
			isa = PBXGroup;
			children = (
				50DBC2E024A4F57E002F66B8 /* rss.app */,
			);
			name = Products;
			sourceTree = "<group>";
		};
		50DBC2E224A4F57E002F66B8 /* rss */ = {
			isa = PBXGroup;
			children = (
				50DBC2E324A4F57E002F66B8 /* AppDelegate.swift */,
				50DBC2E524A4F57E002F66B8 /* SceneDelegate.swift */,
				50DBC2FB24A4F6B9002F66B8 /* XmlParserManager.swift */,
				50DBC2F724A4F62C002F66B8 /* FeedListViewController.swift */,
				50DBC2E924A4F57E002F66B8 /* Main.storyboard */,
				50DBC2EC24A4F581002F66B8 /* Assets.xcassets */,
				50DBC2F924A4F683002F66B8 /* WebViewController.swift */,
				50DBC2EE24A4F581002F66B8 /* LaunchScreen.storyboard */,
				50DBC2F124A4F581002F66B8 /* Info.plist */,
			);
			path = rss;
			sourceTree = "<group>";
		};
/* End PBXGroup section */

/* Begin PBXNativeTarget section */
		50DBC2DF24A4F57E002F66B8 /* rss */ = {
			isa = PBXNativeTarget;
			buildConfigurationList = 50DBC2F424A4F581002F66B8 /* Build configuration list for PBXNativeTarget "rss" */;
			buildPhases = (
				50DBC2DC24A4F57E002F66B8 /* Sources */,
				50DBC2DD24A4F57E002F66B8 /* Frameworks */,
				50DBC2DE24A4F57E002F66B8 /* Resources */,
			);
			buildRules = (
			);
			dependencies = (
			);
			name = rss;
			productName = rss;
			productReference = 50DBC2E024A4F57E002F66B8 /* rss.app */;
			productType = "com.apple.product-type.application";
		};
/* End PBXNativeTarget section */

/* Begin PBXProject section */
		50DBC2D824A4F57E002F66B8 /* Project object */ = {
			isa = PBXProject;
			attributes = {
				LastSwiftUpdateCheck = 1130;
				LastUpgradeCheck = 1130;
				ORGANIZATIONNAME = Albert;
				TargetAttributes = {
					50DBC2DF24A4F57E002F66B8 = {
						CreatedOnToolsVersion = 11.3.1;
					};
				};
			};
			buildConfigurationList = 50DBC2DB24A4F57E002F66B8 /* Build configuration list for PBXProject "rss" */;
			compatibilityVersion = "Xcode 9.3";
			developmentRegion = en;
			hasScannedForEncodings = 0;
			knownRegions = (
				en,
				Base,
			);
			mainGroup = 50DBC2D724A4F57E002F66B8;
			productRefGroup = 50DBC2E124A4F57E002F66B8 /* Products */;
			projectDirPath = "";
			projectRoot = "";
			targets = (
				50DBC2DF24A4F57E002F66B8 /* rss */,
			);
		};
/* End PBXProject section */

/* Begin PBXResourcesBuildPhase section */
		50DBC2DE24A4F57E002F66B8 /* Resources */ = {
			isa = PBXResourcesBuildPhase;
			buildActionMask = 2147483647;
			files = (
				50DBC2F024A4F581002F66B8 /* LaunchScreen.storyboard in Resources */,
				50DBC2ED24A4F581002F66B8 /* Assets.xcassets in Resources */,
				50DBC2EB24A4F57E002F66B8 /* Main.storyboard in Resources */,
			);
			runOnlyForDeploymentPostprocessing = 0;
		};
/* End PBXResourcesBuildPhase section */

/* Begin PBXSourcesBuildPhase section */
		50DBC2DC24A4F57E002F66B8 /* Sources */ = {
			isa = PBXSourcesBuildPhase;
			buildActionMask = 2147483647;
			files = (
				50DBC2E424A4F57E002F66B8 /* AppDelegate.swift in Sources */,
				50DBC2FC24A4F6B9002F66B8 /* XmlParserManager.swift in Sources */,
				50DBC2FA24A4F683002F66B8 /* WebViewController.swift in Sources */,
				50DBC2F824A4F62C002F66B8 /* FeedListViewController.swift in Sources */,
				50DBC2E624A4F57E002F66B8 /* SceneDelegate.swift in Sources */,
			);
			runOnlyForDeploymentPostprocessing = 0;
		};
/* End PBXSourcesBuildPhase section */

/* Begin PBXVariantGroup section */
		50DBC2E924A4F57E002F66B8 /* Main.storyboard */ = {
			isa = PBXVariantGroup;
			children = (
				50DBC2EA24A4F57E002F66B8 /* Base */,
			);
			name = Main.storyboard;
			sourceTree = "<group>";
		};
		50DBC2EE24A4F581002F66B8 /* LaunchScreen.storyboard */ = {
			isa = PBXVariantGroup;
			children = (
				50DBC2EF24A4F581002F66B8 /* Base */,
			);
			name = LaunchScreen.storyboard;
			sourceTree = "<group>";
		};
/* End PBXVariantGroup section */

/* Begin XCBuildConfiguration section */
		50DBC2F224A4F581002F66B8 /* Debug */ = {
			isa = XCBuildConfiguration;
			buildSettings = {
				ALWAYS_SEARCH_USER_PATHS = NO;
				CLANG_ANALYZER_NONNULL = YES;
				CLANG_ANALYZER_NUMBER_OBJECT_CONVERSION = YES_AGGRESSIVE;
				CLANG_CXX_LANGUAGE_STANDARD = "gnu++14";
				CLANG_CXX_LIBRARY = "libc++";
				CLANG_ENABLE_MODULES = YES;
				CLANG_ENABLE_OBJC_ARC = YES;
				CLANG_ENABLE_OBJC_WEAK = YES;
				CLANG_WARN_BLOCK_CAPTURE_AUTORELEASING = YES;
				CLANG_WARN_BOOL_CONVERSION = YES;
				CLANG_WARN_COMMA = YES;
				CLANG_WARN_CONSTANT_CONVERSION = YES;
				CLANG_WARN_DEPRECATED_OBJC_IMPLEMENTATIONS = YES;
				CLANG_WARN_DIRECT_OBJC_ISA_USAGE = YES_ERROR;
				CLANG_WARN_DOCUMENTATION_COMMENTS = YES;
				CLANG_WARN_EMPTY_BODY = YES;
				CLANG_WARN_ENUM_CONVERSION = YES;
				CLANG_WARN_INFINITE_RECURSION = YES;
				CLANG_WARN_INT_CONVERSION = YES;
				CLANG_WARN_NON_LITERAL_NULL_CONVERSION = YES;
				CLANG_WARN_OBJC_IMPLICIT_RETAIN_SELF = YES;
				CLANG_WARN_OBJC_LITERAL_CONVERSION = YES;
				CLANG_WARN_OBJC_ROOT_CLASS = YES_ERROR;
				CLANG_WARN_RANGE_LOOP_ANALYSIS = YES;
				CLANG_WARN_STRICT_PROTOTYPES = YES;
				CLANG_WARN_SUSPICIOUS_MOVE = YES;
				CLANG_WARN_UNGUARDED_AVAILABILITY = YES_AGGRESSIVE;
				CLANG_WARN_UNREACHABLE_CODE = YES;
				CLANG_WARN__DUPLICATE_METHOD_MATCH = YES;
				COPY_PHASE_STRIP = NO;
				DEBUG_INFORMATION_FORMAT = dwarf;
				ENABLE_STRICT_OBJC_MSGSEND = YES;
				ENABLE_TESTABILITY = YES;
				GCC_C_LANGUAGE_STANDARD = gnu11;
				GCC_DYNAMIC_NO_PIC = NO;
				GCC_NO_COMMON_BLOCKS = YES;
				GCC_OPTIMIZATION_LEVEL = 0;
				GCC_PREPROCESSOR_DEFINITIONS = (
					"DEBUG=1",
					"$(inherited)",
				);
				GCC_WARN_64_TO_32_BIT_CONVERSION = YES;
				GCC_WARN_ABOUT_RETURN_TYPE = YES_ERROR;
				GCC_WARN_UNDECLARED_SELECTOR = YES;
				GCC_WARN_UNINITIALIZED_AUTOS = YES_AGGRESSIVE;
				GCC_WARN_UNUSED_FUNCTION = YES;
				GCC_WARN_UNUSED_VARIABLE = YES;
				IPHONEOS_DEPLOYMENT_TARGET = 13.2;
				MTL_ENABLE_DEBUG_INFO = INCLUDE_SOURCE;
				MTL_FAST_MATH = YES;
				ONLY_ACTIVE_ARCH = YES;
				SDKROOT = iphoneos;
				SWIFT_ACTIVE_COMPILATION_CONDITIONS = DEBUG;
				SWIFT_OPTIMIZATION_LEVEL = "-Onone";
			};
			name = Debug;
		};
		50DBC2F324A4F581002F66B8 /* Release */ = {
			isa = XCBuildConfiguration;
			buildSettings = {
				ALWAYS_SEARCH_USER_PATHS = NO;
				CLANG_ANALYZER_NONNULL = YES;
				CLANG_ANALYZER_NUMBER_OBJECT_CONVERSION = YES_AGGRESSIVE;
				CLANG_CXX_LANGUAGE_STANDARD = "gnu++14";
				CLANG_CXX_LIBRARY = "libc++";
				CLANG_ENABLE_MODULES = YES;
				CLANG_ENABLE_OBJC_ARC = YES;
				CLANG_ENABLE_OBJC_WEAK = YES;
				CLANG_WARN_BLOCK_CAPTURE_AUTORELEASING = YES;
				CLANG_WARN_BOOL_CONVERSION = YES;
				CLANG_WARN_COMMA = YES;
				CLANG_WARN_CONSTANT_CONVERSION = YES;
				CLANG_WARN_DEPRECATED_OBJC_IMPLEMENTATIONS = YES;
				CLANG_WARN_DIRECT_OBJC_ISA_USAGE = YES_ERROR;
				CLANG_WARN_DOCUMENTATION_COMMENTS = YES;
				CLANG_WARN_EMPTY_BODY = YES;
				CLANG_WARN_ENUM_CONVERSION = YES;
				CLANG_WARN_INFINITE_RECURSION = YES;
				CLANG_WARN_INT_CONVERSION = YES;
				CLANG_WARN_NON_LITERAL_NULL_CONVERSION = YES;
				CLANG_WARN_OBJC_IMPLICIT_RETAIN_SELF = YES;
				CLANG_WARN_OBJC_LITERAL_CONVERSION = YES;
				CLANG_WARN_OBJC_ROOT_CLASS = YES_ERROR;
				CLANG_WARN_RANGE_LOOP_ANALYSIS = YES;
				CLANG_WARN_STRICT_PROTOTYPES = YES;
				CLANG_WARN_SUSPICIOUS_MOVE = YES;
				CLANG_WARN_UNGUARDED_AVAILABILITY = YES_AGGRESSIVE;
				CLANG_WARN_UNREACHABLE_CODE = YES;
				CLANG_WARN__DUPLICATE_METHOD_MATCH = YES;
				COPY_PHASE_STRIP = NO;
				DEBUG_INFORMATION_FORMAT = "dwarf-with-dsym";
				ENABLE_NS_ASSERTIONS = NO;
				ENABLE_STRICT_OBJC_MSGSEND = YES;
				GCC_C_LANGUAGE_STANDARD = gnu11;
				GCC_NO_COMMON_BLOCKS = YES;
				GCC_WARN_64_TO_32_BIT_CONVERSION = YES;
				GCC_WARN_ABOUT_RETURN_TYPE = YES_ERROR;
				GCC_WARN_UNDECLARED_SELECTOR = YES;
				GCC_WARN_UNINITIALIZED_AUTOS = YES_AGGRESSIVE;
				GCC_WARN_UNUSED_FUNCTION = YES;
				GCC_WARN_UNUSED_VARIABLE = YES;
				IPHONEOS_DEPLOYMENT_TARGET = 13.2;
				MTL_ENABLE_DEBUG_INFO = NO;
				MTL_FAST_MATH = YES;
				SDKROOT = iphoneos;
				SWIFT_COMPILATION_MODE = wholemodule;
				SWIFT_OPTIMIZATION_LEVEL = "-O";
				VALIDATE_PRODUCT = YES;
			};
			name = Release;
		};
		50DBC2F524A4F581002F66B8 /* Debug */ = {
			isa = XCBuildConfiguration;
			buildSettings = {
				ASSETCATALOG_COMPILER_APPICON_NAME = AppIcon;
				CODE_SIGN_STYLE = Automatic;
				DEVELOPMENT_TEAM = SQ934LZVXW;
				INFOPLIST_FILE = rss/Info.plist;
				LD_RUNPATH_SEARCH_PATHS = (
					"$(inherited)",
					"@executable_path/Frameworks",
				);
				PRODUCT_BUNDLE_IDENTIFIER = AlbertSadykov.rss;
				PRODUCT_NAME = "$(TARGET_NAME)";
				SWIFT_VERSION = 5.0;
				TARGETED_DEVICE_FAMILY = "1,2";
			};
			name = Debug;
		};
		50DBC2F624A4F581002F66B8 /* Release */ = {
			isa = XCBuildConfiguration;
			buildSettings = {
				ASSETCATALOG_COMPILER_APPICON_NAME = AppIcon;
				CODE_SIGN_STYLE = Automatic;
				DEVELOPMENT_TEAM = SQ934LZVXW;
				INFOPLIST_FILE = rss/Info.plist;
				LD_RUNPATH_SEARCH_PATHS = (
					"$(inherited)",
					"@executable_path/Frameworks",
				);
				PRODUCT_BUNDLE_IDENTIFIER = AlbertSadykov.rss;
				PRODUCT_NAME = "$(TARGET_NAME)";
				SWIFT_VERSION = 5.0;
				TARGETED_DEVICE_FAMILY = "1,2";
			};
			name = Release;
		};
/* End XCBuildConfiguration section */

/* Begin XCConfigurationList section */
		50DBC2DB24A4F57E002F66B8 /* Build configuration list for PBXProject "rss" */ = {
			isa = XCConfigurationList;
			buildConfigurations = (
				50DBC2F224A4F581002F66B8 /* Debug */,
				50DBC2F324A4F581002F66B8 /* Release */,
			);
			defaultConfigurationIsVisible = 0;
			defaultConfigurationName = Release;
		};
		50DBC2F424A4F581002F66B8 /* Build configuration list for PBXNativeTarget "rss" */ = {
			isa = XCConfigurationList;
			buildConfigurations = (
				50DBC2F524A4F581002F66B8 /* Debug */,
				50DBC2F624A4F581002F66B8 /* Release */,
			);
			defaultConfigurationIsVisible = 0;
			defaultConfigurationName = Release;
		};
/* End XCConfigurationList section */
	};
	rootObject = 50DBC2D824A4F57E002F66B8 /* Project object */;
}
